<?xml version="1.0" encoding="utf-8"?>
<Project ToolsVersion="4.0" xmlns="http://schemas.microsoft.com/developer/msbuild/2003">
  <ItemGroup>
    <Filter Include="源文件">
      <UniqueIdentifier>{4FC737F1-C7A5-4376-A066-2A32D752A2FF}</UniqueIdentifier>
      <Extensions>cpp;c;cc;cxx;def;odl;idl;hpj;bat;asm;asmx</Extensions>
    </Filter>
    <Filter Include="头文件">
      <UniqueIdentifier>{93995380-89BD-4b04-88EB-625FBE52EBFB}</UniqueIdentifier>
      <Extensions>h;hh;hpp;hxx;hm;inl;inc;xsd</Extensions>
    </Filter>
    <Filter Include="资源文件">
      <UniqueIdentifier>{67DA6AB6-F800-4c08-8B7A-83BB121AAD01}</UniqueIdentifier>
      <Extensions>rc;ico;cur;bmp;dlg;rc2;rct;bin;rgs;gif;jpg;jpeg;jpe;resx;tiff;tif;png;wav;mfcribbon-ms</Extensions>
    </Filter>
    <Filter Include="luaLib">
      <UniqueIdentifier>{c82e2536-0a9a-4ee5-8b9d-754e29944e39}</UniqueIdentifier>
    </Filter>
  </ItemGroup>
  <ItemGroup>
    <ClCompile Include="main.cpp">
      <Filter>源文件</Filter>
    </ClCompile>
    <ClCompile Include="..\luaLib\lapi.c">
      <Filter>luaLib</Filter>
    </ClCompile>
    <ClCompile Include="..\luaLib\lauxlib.c">
      <Filter>luaLib</Filter>
    </ClCompile>
    <ClCompile Include="..\luaLib\lbaselib.c">
      <Filter>luaLib</Filter>
    </ClCompile>
    <ClCompile Include="..\luaLib\lcode.c">
      <Filter>luaLib</Filter>
    </ClCompile>
    <ClCompile Include="..\luaLib\ldblib.c">
      <Filter>luaLib</Filter>
    </ClCompile>
    <ClCompile Include="..\luaLib\ldebug.c">
      <Filter>luaLib</Filter>
    </ClCompile>
    <ClCompile Include="..\luaLib\ldo.c">
      <Filter>luaLib</Filter>
    </ClCompile>
    <ClCompile Include="..\luaLib\ldump.c">
      <Filter>luaLib</Filter>
    </ClCompile>
    <ClCompile Include="..\luaLib\lfunc.c">
      <Filter>luaLib</Filter>
    </ClCompile>
    <ClCompile Include="..\luaLib\lgc.c">
      <Filter>luaLib</Filter>
    </ClCompile>
    <ClCompile Include="..\luaLib\linit.c">
      <Filter>luaLib</Filter>
    </ClCompile>
    <ClCompile Include="..\luaLib\liolib.c">
      <Filter>luaLib</Filter>
    </ClCompile>
    <ClCompile Include="..\luaLib\llex.c">
      <Filter>luaLib</Filter>
    </ClCompile>
    <ClCompile Include="..\luaLib\lmathlib.c">
      <Filter>luaLib</Filter>
    </ClCompile>
    <ClCompile Include="..\luaLib\lmem.c">
      <Filter>luaLib</Filter>
    </ClCompile>
    <ClCompile Include="..\luaLib\loadlib.c">
      <Filter>luaLib</Filter>
    </ClCompile>
    <ClCompile Include="..\luaLib\lobject.c">
      <Filter>luaLib</Filter>
    </ClCompile>
    <ClCompile Include="..\luaLib\lopcodes.c">
      <Filter>luaLib</Filter>
    </ClCompile>
    <ClCompile Include="..\luaLib\loslib.c">
      <Filter>luaLib</Filter>
    </ClCompile>
    <ClCompile Include="..\luaLib\lparser.c">
      <Filter>luaLib</Filter>
    </ClCompile>
    <ClCompile Include="..\luaLib\lstate.c">
      <Filter>luaLib</Filter>
    </ClCompile>
    <ClCompile Include="..\luaLib\lstring.c">
      <Filter>luaLib</Filter>
    </ClCompile>
    <ClCompile Include="..\luaLib\lstrlib.c">
      <Filter>luaLib</Filter>
    </ClCompile>
    <ClCompile Include="..\luaLib\ltable.c">
      <Filter>luaLib</Filter>
    </ClCompile>
    <ClCompile Include="..\luaLib\ltablib.c">
      <Filter>luaLib</Filter>
    </ClCompile>
    <ClCompile Include="..\luaLib\ltm.c">
      <Filter>luaLib</Filter>
    </ClCompile>
    <ClCompile Include="..\luaLib\lundump.c">
      <Filter>luaLib</Filter>
    </ClCompile>
    <ClCompile Include="..\luaLib\lvm.c">
      <Filter>luaLib</Filter>
    </ClCompile>
    <ClCompile Include="..\luaLib\lzio.c">
      <Filter>luaLib</Filter>
    </ClCompile>
    <ClCompile Include="..\luaLib\print.c">
      <Filter>luaLib</Filter>
    </ClCompile>
  </ItemGroup>
  <ItemGroup>
    <ClInclude Include="luaHelp.h">
      <Filter>头文件</Filter>
    </ClInclude>
  </ItemGroup>
</Project>